
Microsoft Visual Studio Solution File, Format Version 12.00
# Visual Studio Version 16
VisualStudioVersion = 16.0.31702.278
MinimumVisualStudioVersion = 10.0.40219.1
Project("{FAE04EC0-301F-11D3-BF4B-00C04F79EFBC}") = "Music Player", "Music Player\Music Player.csproj", "{FFB00EBC-047E-4006-8E1D-5BACD7D21EFB}"
EndProject
Global
	GlobalSection(SolutionConfigurationPlatforms) = preSolution
		Debug|Any CPU = Debug|Any CPU
		Release|Any CPU = Release|Any CPU
	EndGlobalSection
	GlobalSection(ProjectConfigurationPlatforms) = postSolution
		{FFB00EBC-047E-4006-8E1D-5BACD7D21EFB}.Debug|Any CPU.ActiveCfg = Debug|Any CPU
		{FFB00EBC-047E-4006-8E1D-5BACD7D21EFB}.Debug|Any CPU.Build.0 = Debug|Any CPU
		{FFB00EBC-047E-4006-8E1D-5BACD7D21EFB}.Release|Any CPU.ActiveCfg = Release|Any CPU
		{FFB00EBC-047E-4006-8E1D-5BACD7D21EFB}.Release|Any CPU.Build.0 = Release|Any CPU
	EndGlobalSection
	GlobalSection(SolutionProperties) = preSolution
		HideSolutionNode = FALSE
	EndGlobalSection
	GlobalSection(ExtensibilityGlobals) = postSolution
		SolutionGuid = {DA169AEC-6133-4745-A2D1-E029CA3B0E3E}
	EndGlobalSection
EndGlobal
